
Microsoft Visual Studio Solution File, Format Version 12.00
# Visual Studio Version 16
VisualStudioVersion = 16.0.31321.278
MinimumVisualStudioVersion = 10.0.40219.1
Project("{9A19103F-16F7-4668-BE54-9A1E7A4F7556}") = "Store_API", "Store_API.csproj", "{92374675-BCE9-4CEA-90E2-0CEBC2C9BC39}"
EndProject
Global
	GlobalSection(SolutionConfigurationPlatforms) = preSolution
		Debug|Any CPU = Debug|Any CPU
		Release|Any CPU = Release|Any CPU
	EndGlobalSection
	GlobalSection(ProjectConfigurationPlatforms) = postSolution
		{92374675-BCE9-4CEA-90E2-0CEBC2C9BC39}.Debug|Any CPU.ActiveCfg = Debug|Any CPU
		{92374675-BCE9-4CEA-90E2-0CEBC2C9BC39}.Debug|Any CPU.Build.0 = Debug|Any CPU
		{92374675-BCE9-4CEA-90E2-0CEBC2C9BC39}.Release|Any CPU.ActiveCfg = Release|Any CPU
		{92374675-BCE9-4CEA-90E2-0CEBC2C9BC39}.Release|Any CPU.Build.0 = Release|Any CPU
	EndGlobalSection
	GlobalSection(SolutionProperties) = preSolution
		HideSolutionNode = FALSE
	EndGlobalSection
	GlobalSection(ExtensibilityGlobals) = postSolution
		SolutionGuid = {44C7E7CB-9D3C-46E7-992B-640E2856C04A}
	EndGlobalSection
EndGlobal
